<?xml version="1.0" encoding="utf-8"?>
<Project ToolsVersion="4.0" xmlns="http://schemas.microsoft.com/developer/msbuild/2003">
  <ItemGroup>
    <Filter Include="Source Files">
      <UniqueIdentifier>{4FC737F1-C7A5-4376-A066-2A32D752A2FF}</UniqueIdentifier>
      <Extensions>cpp;c;cc;cxx;c++;cppm;ixx;def;odl;idl;hpj;bat;asm;asmx</Extensions>
    </Filter>
    <Filter Include="Header Files">
      <UniqueIdentifier>{93995380-89BD-4b04-88EB-625FBE52EBFB}</UniqueIdentifier>
      <Extensions>h;hh;hpp;hxx;h++;hm;inl;inc;ipp;xsd</Extensions>
    </Filter>
    <Filter Include="Resource Files">
      <UniqueIdentifier>{67DA6AB6-F800-4c08-8B7A-83BB121AAD01}</UniqueIdentifier>
      <Extensions>rc;ico;cur;bmp;dlg;rc2;rct;bin;rgs;gif;jpg;jpeg;jpe;resx;tiff;tif;png;wav;mfcribbon-ms</Extensions>
    </Filter>
  </ItemGroup>
  <ItemGroup>
    <ClCompile Include="cs.c">
      <Filter>Source Files</Filter>
    </ClCompile>
    <ClCompile Include="utils.c">
      <Filter>Source Files</Filter>
    </ClCompile>
    <ClCompile Include="MCInstrDesc.c">
      <Filter>Source Files</Filter>
    </ClCompile>
    <ClCompile Include="MCRegisterInfo.c">
      <Filter>Source Files</Filter>
    </ClCompile>
    <ClCompile Include="SStream.c">
      <Filter>Source Files</Filter>
    </ClCompile>
    <ClCompile Include="arch\X86\X86ATTInstPrinter.c">
      <Filter>Source Files</Filter>
    </ClCompile>
    <ClCompile Include="arch\X86\X86Disassembler.c">
      <Filter>Source Files</Filter>
    </ClCompile>
    <ClCompile Include="arch\X86\X86DisassemblerDecoder.c">
      <Filter>Source Files</Filter>
    </ClCompile>
    <ClCompile Include="arch\X86\X86IntelInstPrinter.c">
      <Filter>Source Files</Filter>
    </ClCompile>
    <ClCompile Include="arch\X86\X86Mapping.c">
      <Filter>Source Files</Filter>
    </ClCompile>
    <ClCompile Include="arch\X86\X86Module.c">
      <Filter>Source Files</Filter>
    </ClCompile>
    <ClCompile Include="MCInst.c">
      <Filter>Source Files</Filter>
    </ClCompile>
  </ItemGroup>
  <ItemGroup>
    <ClInclude Include="arch\X86\X86Mapping.h">
      <Filter>Header Files</Filter>
    </ClInclude>
    <ClInclude Include="arch\X86\X86Disassembler.h">
      <Filter>Header Files</Filter>
    </ClInclude>
    <ClInclude Include="arch\X86\X86DisassemblerDecoder.h">
      <Filter>Header Files</Filter>
    </ClInclude>
    <ClInclude Include="arch\X86\X86InstPrinter.h">
      <Filter>Header Files</Filter>
    </ClInclude>
    <ClInclude Include="arch\X86\X86Module.h">
      <Filter>Header Files</Filter>
    </ClInclude>
    <ClInclude Include="arch\X86\qsort.h">
      <Filter>Header Files</Filter>
    </ClInclude>
    <ClInclude Include="arch\X86\X86BaseInfo.h">
      <Filter>Header Files</Filter>
    </ClInclude>
    <ClInclude Include="arch\X86\X86DisassemblerDecoderCommon.h">
      <Filter>Header Files</Filter>
    </ClInclude>
  </ItemGroup>
  <ItemGroup>
    <None Include="arch\X86\X86GenAsmWriter.inc">
      <Filter>Header Files</Filter>
    </None>
    <None Include="arch\X86\X86GenAsmWriter_reduce.inc">
      <Filter>Header Files</Filter>
    </None>
    <None Include="arch\X86\X86GenAsmWriter1.inc">
      <Filter>Header Files</Filter>
    </None>
    <None Include="arch\X86\X86GenAsmWriter1_reduce.inc">
      <Filter>Header Files</Filter>
    </None>
    <None Include="arch\X86\X86GenDisassemblerTables.inc">
      <Filter>Header Files</Filter>
    </None>
    <None Include="arch\X86\X86GenDisassemblerTables_reduce.inc">
      <Filter>Header Files</Filter>
    </None>
    <None Include="arch\X86\X86GenInstrInfo.inc">
      <Filter>Header Files</Filter>
    </None>
    <None Include="arch\X86\X86GenInstrInfo_reduce.inc">
      <Filter>Header Files</Filter>
    </None>
    <None Include="arch\X86\X86GenRegisterInfo.inc">
      <Filter>Header Files</Filter>
    </None>
    <None Include="arch\X86\X86ImmSize.inc">
      <Filter>Header Files</Filter>
    </None>
    <None Include="arch\X86\X86MappingInsn.inc">
      <Filter>Header Files</Filter>
    </None>
    <None Include="arch\X86\X86MappingInsn_reduce.inc">
      <Filter>Header Files</Filter>
    </None>
    <None Include="arch\X86\X86MappingInsnOp.inc">
      <Filter>Header Files</Filter>
    </None>
    <None Include="arch\X86\X86MappingInsnOp_reduce.inc">
      <Filter>Header Files</Filter>
    </None>
  </ItemGroup>
</Project>